
Microsoft Visual Studio Solution File, Format Version 12.00
# Visual Studio 15
VisualStudioVersion = 15.0.28307.271
MinimumVisualStudioVersion = 10.0.40219.1
Project("{FAE04EC0-301F-11D3-BF4B-00C04F79EFBC}") = "find-maximum-value-binary-tree", "find-maximum-value-binary-tree\find-maximum-value-binary-tree.csproj", "{B8E08BD7-1DD9-4CA0-9DA1-DEAE2C3DB23F}"
EndProject
Global
	GlobalSection(SolutionConfigurationPlatforms) = preSolution
		Debug|Any CPU = Debug|Any CPU
		Release|Any CPU = Release|Any CPU
	EndGlobalSection
	GlobalSection(ProjectConfigurationPlatforms) = postSolution
		{B8E08BD7-1DD9-4CA0-9DA1-DEAE2C3DB23F}.Debug|Any CPU.ActiveCfg = Debug|Any CPU
		{B8E08BD7-1DD9-4CA0-9DA1-DEAE2C3DB23F}.Debug|Any CPU.Build.0 = Debug|Any CPU
		{B8E08BD7-1DD9-4CA0-9DA1-DEAE2C3DB23F}.Release|Any CPU.ActiveCfg = Release|Any CPU
		{B8E08BD7-1DD9-4CA0-9DA1-DEAE2C3DB23F}.Release|Any CPU.Build.0 = Release|Any CPU
	EndGlobalSection
	GlobalSection(SolutionProperties) = preSolution
		HideSolutionNode = FALSE
	EndGlobalSection
	GlobalSection(ExtensibilityGlobals) = postSolution
		SolutionGuid = {88F1FF93-E89F-48FD-B28E-344629A7AB38}
	EndGlobalSection
EndGlobal
