
Microsoft Visual Studio Solution File, Format Version 12.00
# Visual Studio 15
VisualStudioVersion = 15.0.28307.271
MinimumVisualStudioVersion = 10.0.40219.1
Project("{FAE04EC0-301F-11D3-BF4B-00C04F79EFBC}") = "tree", "tree\tree.csproj", "{7DE07C6F-E3FF-4BF6-8EC0-3A0DA56A4101}"
EndProject
Global
	GlobalSection(SolutionConfigurationPlatforms) = preSolution
		Debug|Any CPU = Debug|Any CPU
		Release|Any CPU = Release|Any CPU
	EndGlobalSection
	GlobalSection(ProjectConfigurationPlatforms) = postSolution
		{7DE07C6F-E3FF-4BF6-8EC0-3A0DA56A4101}.Debug|Any CPU.ActiveCfg = Debug|Any CPU
		{7DE07C6F-E3FF-4BF6-8EC0-3A0DA56A4101}.Debug|Any CPU.Build.0 = Debug|Any CPU
		{7DE07C6F-E3FF-4BF6-8EC0-3A0DA56A4101}.Release|Any CPU.ActiveCfg = Release|Any CPU
		{7DE07C6F-E3FF-4BF6-8EC0-3A0DA56A4101}.Release|Any CPU.Build.0 = Release|Any CPU
	EndGlobalSection
	GlobalSection(SolutionProperties) = preSolution
		HideSolutionNode = FALSE
	EndGlobalSection
	GlobalSection(ExtensibilityGlobals) = postSolution
		SolutionGuid = {50644B77-0B84-4A34-8CC0-26A232FF3FAE}
	EndGlobalSection
EndGlobal
