
Microsoft Visual Studio Solution File, Format Version 12.00
# Visual Studio 15
VisualStudioVersion = 15.0.28307.271
MinimumVisualStudioVersion = 10.0.40219.1
Project("{FAE04EC0-301F-11D3-BF4B-00C04F79EFBC}") = "MergeList", "MergeList\MergeList.csproj", "{206A4D66-78B4-4388-87E1-66A67A15D5E8}"
EndProject
Project("{9A19103F-16F7-4668-BE54-9A1E7A4F7556}") = "linkedlist", "..\..\DataStructure\linkedlist\linkedlist\linkedlist.csproj", "{D6C84154-73BE-47C2-9D7F-5F6E9692CA70}"
EndProject
Global
	GlobalSection(SolutionConfigurationPlatforms) = preSolution
		Debug|Any CPU = Debug|Any CPU
		Release|Any CPU = Release|Any CPU
	EndGlobalSection
	GlobalSection(ProjectConfigurationPlatforms) = postSolution
		{206A4D66-78B4-4388-87E1-66A67A15D5E8}.Debug|Any CPU.ActiveCfg = Debug|Any CPU
		{206A4D66-78B4-4388-87E1-66A67A15D5E8}.Debug|Any CPU.Build.0 = Debug|Any CPU
		{206A4D66-78B4-4388-87E1-66A67A15D5E8}.Release|Any CPU.ActiveCfg = Release|Any CPU
		{206A4D66-78B4-4388-87E1-66A67A15D5E8}.Release|Any CPU.Build.0 = Release|Any CPU
		{D6C84154-73BE-47C2-9D7F-5F6E9692CA70}.Debug|Any CPU.ActiveCfg = Debug|Any CPU
		{D6C84154-73BE-47C2-9D7F-5F6E9692CA70}.Debug|Any CPU.Build.0 = Debug|Any CPU
		{D6C84154-73BE-47C2-9D7F-5F6E9692CA70}.Release|Any CPU.ActiveCfg = Release|Any CPU
		{D6C84154-73BE-47C2-9D7F-5F6E9692CA70}.Release|Any CPU.Build.0 = Release|Any CPU
	EndGlobalSection
	GlobalSection(SolutionProperties) = preSolution
		HideSolutionNode = FALSE
	EndGlobalSection
	GlobalSection(ExtensibilityGlobals) = postSolution
		SolutionGuid = {08C1BFF4-291A-431B-BA1E-821DD29056A0}
	EndGlobalSection
EndGlobal
